
Microsoft Visual Studio Solution File, Format Version 12.00
# Visual Studio Version 17
VisualStudioVersion = 17.2.32526.322
MinimumVisualStudioVersion = 10.0.40219.1
Project("{FAE04EC0-301F-11D3-BF4B-00C04F79EFBC}") = "VL.IO.MouseKeyGlobal", "VL.IO.MouseKeyGlobal.csproj", "{E0432999-BB02-4B05-952A-005CD1077CCD}"
EndProject
Global
	GlobalSection(SolutionConfigurationPlatforms) = preSolution
		Debug|Any CPU = Debug|Any CPU
		Release|Any CPU = Release|Any CPU
	EndGlobalSection
	GlobalSection(ProjectConfigurationPlatforms) = postSolution
		{E0432999-BB02-4B05-952A-005CD1077CCD}.Debug|Any CPU.ActiveCfg = Debug|Any CPU
		{E0432999-BB02-4B05-952A-005CD1077CCD}.Debug|Any CPU.Build.0 = Debug|Any CPU
		{E0432999-BB02-4B05-952A-005CD1077CCD}.Release|Any CPU.ActiveCfg = Release|Any CPU
		{E0432999-BB02-4B05-952A-005CD1077CCD}.Release|Any CPU.Build.0 = Release|Any CPU
	EndGlobalSection
	GlobalSection(SolutionProperties) = preSolution
		HideSolutionNode = FALSE
	EndGlobalSection
	GlobalSection(ExtensibilityGlobals) = postSolution
		SolutionGuid = {8568D34A-6AEF-4C61-8F8A-269F812855F3}
	EndGlobalSection
EndGlobal
